PODS:
  - Flutter (1.0.0)
  - LBLelinkKit (30706)
  - path_provider_ios (0.0.1):
    - Flutter
  - photo_manager (2.0.0):
    - Flutter
    - FlutterMacOS
  - webview_flutter_wkwebview (0.0.1):
    - Flutter
  - yxc_cast (0.0.1):
    - Flutter
    - LBLelinkKit

DEPENDENCIES:
  - Flutter (from `Flutter`)
  - path_provider_ios (from `.symlinks/plugins/path_provider_ios/ios`)
  - photo_manager (from `.symlinks/plugins/photo_manager/ios`)
  - webview_flutter_wkwebview (from `.symlinks/plugins/webview_flutter_wkwebview/ios`)
  - yxc_cast (from `.symlinks/plugins/yxc_cast/ios`)

SPEC REPOS:
  trunk:
    - LBLelinkKit

EXTERNAL SOURCES:
  Flutter:
    :path: Flutter
  path_provider_ios:
    :path: ".symlinks/plugins/path_provider_ios/ios"
  photo_manager:
    :path: ".symlinks/plugins/photo_manager/ios"
  webview_flutter_wkwebview:
    :path: ".symlinks/plugins/webview_flutter_wkwebview/ios"
  yxc_cast:
    :path: ".symlinks/plugins/yxc_cast/ios"

SPEC CHECKSUMS:
  Flutter: 50d75fe2f02b26cc09d224853bb45737f8b3214a
  LBLelinkKit: 7fbaae07a4c26e6bb740c6d07e99a8886bc1dd62
  path_provider_ios: 14f3d2fd28c4fdb42f44e0f751d12861c43cee02
  photo_manager: 4f6810b7dfc4feb03b461ac1a70dacf91fba7604
  webview_flutter_wkwebview: b7e70ef1ddded7e69c796c7390ee74180182971f
  yxc_cast: 3e1ec1b56157a16d40c01196de06fad8aa6f4593

PODFILE CHECKSUM: 59ef8b0bfb4477941e65762e3bfb37f8a967347c

COCOAPODS: 1.11.0
